
Microsoft Visual Studio Solution File, Format Version 12.00
# Visual Studio Version 16
VisualStudioVersion = 16.0.34031.81
MinimumVisualStudioVersion = 10.0.40219.1
Project("{FAE04EC0-301F-11D3-BF4B-00C04F79EFBC}") = "BouncyCastle_BGAUI", "BouncyCastle_BGAUI\BouncyCastle_BGAUI.csproj", "{2D16EDB9-0483-4BAD-960B-8AEB93B98CA9}"
	ProjectSection(ProjectDependencies) = postProject
		{10E76DE9-086F-45C4-B151-25FAC11AE7B6} = {10E76DE9-086F-45C4-B151-25FAC11AE7B6}
	EndProjectSection
EndProject
Project("{FAE04EC0-301F-11D3-BF4B-00C04F79EFBC}") = "CryptBga", "CryptBga\CryptBga.csproj", "{10E76DE9-086F-45C4-B151-25FAC11AE7B6}"
EndProject
Global
	GlobalSection(SolutionConfigurationPlatforms) = preSolution
		Debug|Any CPU = Debug|Any CPU
		Release|Any CPU = Release|Any CPU
	EndGlobalSection
	GlobalSection(ProjectConfigurationPlatforms) = postSolution
		{2D16EDB9-0483-4BAD-960B-8AEB93B98CA9}.Debug|Any CPU.ActiveCfg = Debug|Any CPU
		{2D16EDB9-0483-4BAD-960B-8AEB93B98CA9}.Debug|Any CPU.Build.0 = Debug|Any CPU
		{2D16EDB9-0483-4BAD-960B-8AEB93B98CA9}.Release|Any CPU.ActiveCfg = Release|Any CPU
		{2D16EDB9-0483-4BAD-960B-8AEB93B98CA9}.Release|Any CPU.Build.0 = Release|Any CPU
		{10E76DE9-086F-45C4-B151-25FAC11AE7B6}.Debug|Any CPU.ActiveCfg = Debug|Any CPU
		{10E76DE9-086F-45C4-B151-25FAC11AE7B6}.Debug|Any CPU.Build.0 = Debug|Any CPU
		{10E76DE9-086F-45C4-B151-25FAC11AE7B6}.Release|Any CPU.ActiveCfg = Release|Any CPU
		{10E76DE9-086F-45C4-B151-25FAC11AE7B6}.Release|Any CPU.Build.0 = Release|Any CPU
	EndGlobalSection
	GlobalSection(SolutionProperties) = preSolution
		HideSolutionNode = FALSE
	EndGlobalSection
	GlobalSection(ExtensibilityGlobals) = postSolution
		SolutionGuid = {5153EBDA-BD80-4C7A-8BB9-A4DC82368402}
	EndGlobalSection
EndGlobal
